
Microsoft Visual Studio Solution File, Format Version 12.00
# Visual Studio 15
VisualStudioVersion = 15.0.28307.329
MinimumVisualStudioVersion = 10.0.40219.1
Project("{FAE04EC0-301F-11D3-BF4B-00C04F79EFBC}") = "LayoutSample.Android", "LayoutSample\LayoutSample.Android\LayoutSample.Android.csproj", "{3DB0C82F-49BA-4C30-A075-0CCF97852516}"
EndProject
Project("{FAE04EC0-301F-11D3-BF4B-00C04F79EFBC}") = "LayoutSample.iOS", "LayoutSample\LayoutSample.iOS\LayoutSample.iOS.csproj", "{A4D48F8E-2EDD-49D6-9D1C-4A20305C8B3E}"
EndProject
Project("{FAE04EC0-301F-11D3-BF4B-00C04F79EFBC}") = "LayoutSample.UWP", "LayoutSample\LayoutSample.UWP\LayoutSample.UWP.csproj", "{899BA049-F0BD-4814-B7D0-255DA91F9AA5}"
EndProject
Project("{FAE04EC0-301F-11D3-BF4B-00C04F79EFBC}") = "LayoutSample", "LayoutSample\LayoutSample\LayoutSample.csproj", "{21B7565E-FC71-4C36-91D6-EED71A04642A}"
EndProject
Global
	GlobalSection(SolutionConfigurationPlatforms) = preSolution
		Ad-Hoc|Any CPU = Ad-Hoc|Any CPU
		Ad-Hoc|ARM = Ad-Hoc|ARM
		Ad-Hoc|iPhone = Ad-Hoc|iPhone
		Ad-Hoc|iPhoneSimulator = Ad-Hoc|iPhoneSimulator
		Ad-Hoc|x64 = Ad-Hoc|x64
		Ad-Hoc|x86 = Ad-Hoc|x86
		AppStore|Any CPU = AppStore|Any CPU
		AppStore|ARM = AppStore|ARM
		AppStore|iPhone = AppStore|iPhone
		AppStore|iPhoneSimulator = AppStore|iPhoneSimulator
		AppStore|x64 = AppStore|x64
		AppStore|x86 = AppStore|x86
		Debug|Any CPU = Debug|Any CPU
		Debug|ARM = Debug|ARM
		Debug|iPhone = Debug|iPhone
		Debug|iPhoneSimulator = Debug|iPhoneSimulator
		Debug|x64 = Debug|x64
		Debug|x86 = Debug|x86
		Release|Any CPU = Release|Any CPU
		Release|ARM = Release|ARM
		Release|iPhone = Release|iPhone
		Release|iPhoneSimulator = Release|iPhoneSimulator
		Release|x64 = Release|x64
		Release|x86 = Release|x86
	EndGlobalSection
	GlobalSection(ProjectConfigurationPlatforms) = postSolution
		{3DB0C82F-49BA-4C30-A075-0CCF97852516}.Ad-Hoc|Any CPU.ActiveCfg = Release|Any CPU
		{3DB0C82F-49BA-4C30-A075-0CCF97852516}.Ad-Hoc|Any CPU.Build.0 = Release|Any CPU
		{3DB0C82F-49BA-4C30-A075-0CCF97852516}.Ad-Hoc|Any CPU.Deploy.0 = Release|Any CPU
		{3DB0C82F-49BA-4C30-A075-0CCF97852516}.Ad-Hoc|ARM.ActiveCfg = Release|Any CPU
		{3DB0C82F-49BA-4C30-A075-0CCF97852516}.Ad-Hoc|ARM.Build.0 = Release|Any CPU
		{3DB0C82F-49BA-4C30-A075-0CCF97852516}.Ad-Hoc|ARM.Deploy.0 = Release|Any CPU
		{3DB0C82F-49BA-4C30-A075-0CCF97852516}.Ad-Hoc|iPhone.ActiveCfg = Release|Any CPU
		{3DB0C82F-49BA-4C30-A075-0CCF97852516}.Ad-Hoc|iPhone.Build.0 = Release|Any CPU
		{3DB0C82F-49BA-4C30-A075-0CCF97852516}.Ad-Hoc|iPhone.Deploy.0 = Release|Any CPU
		{3DB0C82F-49BA-4C30-A075-0CCF97852516}.Ad-Hoc|iPhoneSimulator.ActiveCfg = Release|Any CPU
		{3DB0C82F-49BA-4C30-A075-0CCF97852516}.Ad-Hoc|iPhoneSimulator.Build.0 = Release|Any CPU
		{3DB0C82F-49BA-4C30-A075-0CCF97852516}.Ad-Hoc|iPhoneSimulator.Deploy.0 = Release|Any CPU
		{3DB0C82F-49BA-4C30-A075-0CCF97852516}.Ad-Hoc|x64.ActiveCfg = Release|Any CPU
		{3DB0C82F-49BA-4C30-A075-0CCF97852516}.Ad-Hoc|x64.Build.0 = Release|Any CPU
		{3DB0C82F-49BA-4C30-A075-0CCF97852516}.Ad-Hoc|x64.Deploy.0 = Release|Any CPU
		{3DB0C82F-49BA-4C30-A075-0CCF97852516}.Ad-Hoc|x86.ActiveCfg = Release|Any CPU
		{3DB0C82F-49BA-4C30-A075-0CCF97852516}.Ad-Hoc|x86.Build.0 = Release|Any CPU
		{3DB0C82F-49BA-4C30-A075-0CCF97852516}.Ad-Hoc|x86.Deploy.0 = Release|Any CPU
		{3DB0C82F-49BA-4C30-A075-0CCF97852516}.AppStore|Any CPU.ActiveCfg = Release|Any CPU
		{3DB0C82F-49BA-4C30-A075-0CCF97852516}.AppStore|Any CPU.Build.0 = Release|Any CPU
		{3DB0C82F-49BA-4C30-A075-0CCF97852516}.AppStore|Any CPU.Deploy.0 = Release|Any CPU
		{3DB0C82F-49BA-4C30-A075-0CCF97852516}.AppStore|ARM.ActiveCfg = Release|Any CPU
		{3DB0C82F-49BA-4C30-A075-0CCF97852516}.AppStore|ARM.Build.0 = Release|Any CPU
		{3DB0C82F-49BA-4C30-A075-0CCF97852516}.AppStore|ARM.Deploy.0 = Release|Any CPU
		{3DB0C82F-49BA-4C30-A075-0CCF97852516}.AppStore|iPhone.ActiveCfg = Release|Any CPU
		{3DB0C82F-49BA-4C30-A075-0CCF97852516}.AppStore|iPhone.Build.0 = Release|Any CPU
		{3DB0C82F-49BA-4C30-A075-0CCF97852516}.AppStore|iPhone.Deploy.0 = Release|Any CPU
		{3DB0C82F-49BA-4C30-A075-0CCF97852516}.AppStore|iPhoneSimulator.ActiveCfg = Release|Any CPU
		{3DB0C82F-49BA-4C30-A075-0CCF97852516}.AppStore|iPhoneSimulator.Build.0 = Release|Any CPU
		{3DB0C82F-49BA-4C30-A075-0CCF97852516}.AppStore|iPhoneSimulator.Deploy.0 = Release|Any CPU
		{3DB0C82F-49BA-4C30-A075-0CCF97852516}.AppStore|x64.ActiveCfg = Release|Any CPU
		{3DB0C82F-49BA-4C30-A075-0CCF97852516}.AppStore|x64.Build.0 = Release|Any CPU
		{3DB0C82F-49BA-4C30-A075-0CCF97852516}.AppStore|x64.Deploy.0 = Release|Any CPU
		{3DB0C82F-49BA-4C30-A075-0CCF97852516}.AppStore|x86.ActiveCfg = Release|Any CPU
		{3DB0C82F-49BA-4C30-A075-0CCF97852516}.AppStore|x86.Build.0 = Release|Any CPU
		{3DB0C82F-49BA-4C30-A075-0CCF97852516}.AppStore|x86.Deploy.0 = Release|Any CPU
		{3DB0C82F-49BA-4C30-A075-0CCF97852516}.Debug|Any CPU.ActiveCfg = Debug|Any CPU
		{3DB0C82F-49BA-4C30-A075-0CCF97852516}.Debug|Any CPU.Build.0 = Debug|Any CPU
		{3DB0C82F-49BA-4C30-A075-0CCF97852516}.Debug|Any CPU.Deploy.0 = Debug|Any CPU
		{3DB0C82F-49BA-4C30-A075-0CCF97852516}.Debug|ARM.ActiveCfg = Debug|Any CPU
		{3DB0C82F-49BA-4C30-A075-0CCF97852516}.Debug|ARM.Build.0 = Debug|Any CPU
		{3DB0C82F-49BA-4C30-A075-0CCF97852516}.Debug|ARM.Deploy.0 = Debug|Any CPU
		{3DB0C82F-49BA-4C30-A075-0CCF97852516}.Debug|iPhone.ActiveCfg = Debug|Any CPU
		{3DB0C82F-49BA-4C30-A075-0CCF97852516}.Debug|iPhone.Build.0 = Debug|Any CPU
		{3DB0C82F-49BA-4C30-A075-0CCF97852516}.Debug|iPhone.Deploy.0 = Debug|Any CPU
		{3DB0C82F-49BA-4C30-A075-0CCF97852516}.Debug|iPhoneSimulator.ActiveCfg = Debug|Any CPU
		{3DB0C82F-49BA-4C30-A075-0CCF97852516}.Debug|iPhoneSimulator.Build.0 = Debug|Any CPU
		{3DB0C82F-49BA-4C30-A075-0CCF97852516}.Debug|iPhoneSimulator.Deploy.0 = Debug|Any CPU
		{3DB0C82F-49BA-4C30-A075-0CCF97852516}.Debug|x64.ActiveCfg = Debug|Any CPU
		{3DB0C82F-49BA-4C30-A075-0CCF97852516}.Debug|x64.Build.0 = Debug|Any CPU
		{3DB0C82F-49BA-4C30-A075-0CCF97852516}.Debug|x64.Deploy.0 = Debug|Any CPU
		{3DB0C82F-49BA-4C30-A075-0CCF97852516}.Debug|x86.ActiveCfg = Debug|Any CPU
		{3DB0C82F-49BA-4C30-A075-0CCF97852516}.Debug|x86.Build.0 = Debug|Any CPU
		{3DB0C82F-49BA-4C30-A075-0CCF97852516}.Debug|x86.Deploy.0 = Debug|Any CPU
		{3DB0C82F-49BA-4C30-A075-0CCF97852516}.Release|Any CPU.ActiveCfg = Release|Any CPU
		{3DB0C82F-49BA-4C30-A075-0CCF97852516}.Release|Any CPU.Build.0 = Release|Any CPU
		{3DB0C82F-49BA-4C30-A075-0CCF97852516}.Release|Any CPU.Deploy.0 = Release|Any CPU
		{3DB0C82F-49BA-4C30-A075-0CCF97852516}.Release|ARM.ActiveCfg = Release|Any CPU
		{3DB0C82F-49BA-4C30-A075-0CCF97852516}.Release|ARM.Build.0 = Release|Any CPU
		{3DB0C82F-49BA-4C30-A075-0CCF97852516}.Release|ARM.Deploy.0 = Release|Any CPU
		{3DB0C82F-49BA-4C30-A075-0CCF97852516}.Release|iPhone.ActiveCfg = Release|Any CPU
		{3DB0C82F-49BA-4C30-A075-0CCF97852516}.Release|iPhone.Build.0 = Release|Any CPU
		{3DB0C82F-49BA-4C30-A075-0CCF97852516}.Release|iPhone.Deploy.0 = Release|Any CPU
		{3DB0C82F-49BA-4C30-A075-0CCF97852516}.Release|iPhoneSimulator.ActiveCfg = Release|Any CPU
		{3DB0C82F-49BA-4C30-A075-0CCF97852516}.Release|iPhoneSimulator.Build.0 = Release|Any CPU
		{3DB0C82F-49BA-4C30-A075-0CCF97852516}.Release|iPhoneSimulator.Deploy.0 = Release|Any CPU
		{3DB0C82F-49BA-4C30-A075-0CCF97852516}.Release|x64.ActiveCfg = Release|Any CPU
		{3DB0C82F-49BA-4C30-A075-0CCF97852516}.Release|x64.Build.0 = Release|Any CPU
		{3DB0C82F-49BA-4C30-A075-0CCF97852516}.Release|x64.Deploy.0 = Release|Any CPU
		{3DB0C82F-49BA-4C30-A075-0CCF97852516}.Release|x86.ActiveCfg = Release|Any CPU
		{3DB0C82F-49BA-4C30-A075-0CCF97852516}.Release|x86.Build.0 = Release|Any CPU
		{3DB0C82F-49BA-4C30-A075-0CCF97852516}.Release|x86.Deploy.0 = Release|Any CPU
		{A4D48F8E-2EDD-49D6-9D1C-4A20305C8B3E}.Ad-Hoc|Any CPU.ActiveCfg = Ad-Hoc|iPhone
		{A4D48F8E-2EDD-49D6-9D1C-4A20305C8B3E}.Ad-Hoc|Any CPU.Build.0 = Ad-Hoc|iPhone
		{A4D48F8E-2EDD-49D6-9D1C-4A20305C8B3E}.Ad-Hoc|Any CPU.Deploy.0 = Ad-Hoc|iPhone
		{A4D48F8E-2EDD-49D6-9D1C-4A20305C8B3E}.Ad-Hoc|ARM.ActiveCfg = Ad-Hoc|iPhone
		{A4D48F8E-2EDD-49D6-9D1C-4A20305C8B3E}.Ad-Hoc|ARM.Build.0 = Ad-Hoc|iPhone
		{A4D48F8E-2EDD-49D6-9D1C-4A20305C8B3E}.Ad-Hoc|ARM.Deploy.0 = Ad-Hoc|iPhone
		{A4D48F8E-2EDD-49D6-9D1C-4A20305C8B3E}.Ad-Hoc|iPhone.ActiveCfg = Ad-Hoc|iPhone
		{A4D48F8E-2EDD-49D6-9D1C-4A20305C8B3E}.Ad-Hoc|iPhone.Build.0 = Ad-Hoc|iPhone
		{A4D48F8E-2EDD-49D6-9D1C-4A20305C8B3E}.Ad-Hoc|iPhone.Deploy.0 = Ad-Hoc|iPhone
		{A4D48F8E-2EDD-49D6-9D1C-4A20305C8B3E}.Ad-Hoc|iPhoneSimulator.ActiveCfg = Ad-Hoc|iPhoneSimulator
		{A4D48F8E-2EDD-49D6-9D1C-4A20305C8B3E}.Ad-Hoc|iPhoneSimulator.Build.0 = Ad-Hoc|iPhoneSimulator
		{A4D48F8E-2EDD-49D6-9D1C-4A20305C8B3E}.Ad-Hoc|iPhoneSimulator.Deploy.0 = Ad-Hoc|iPhoneSimulator
		{A4D48F8E-2EDD-49D6-9D1C-4A20305C8B3E}.Ad-Hoc|x64.ActiveCfg = Ad-Hoc|iPhone
		{A4D48F8E-2EDD-49D6-9D1C-4A20305C8B3E}.Ad-Hoc|x64.Build.0 = Ad-Hoc|iPhone
		{A4D48F8E-2EDD-49D6-9D1C-4A20305C8B3E}.Ad-Hoc|x64.Deploy.0 = Ad-Hoc|iPhone
		{A4D48F8E-2EDD-49D6-9D1C-4A20305C8B3E}.Ad-Hoc|x86.ActiveCfg = Ad-Hoc|iPhone
		{A4D48F8E-2EDD-49D6-9D1C-4A20305C8B3E}.Ad-Hoc|x86.Build.0 = Ad-Hoc|iPhone
		{A4D48F8E-2EDD-49D6-9D1C-4A20305C8B3E}.Ad-Hoc|x86.Deploy.0 = Ad-Hoc|iPhone
		{A4D48F8E-2EDD-49D6-9D1C-4A20305C8B3E}.AppStore|Any CPU.ActiveCfg = AppStore|iPhone
		{A4D48F8E-2EDD-49D6-9D1C-4A20305C8B3E}.AppStore|Any CPU.Build.0 = AppStore|iPhone
		{A4D48F8E-2EDD-49D6-9D1C-4A20305C8B3E}.AppStore|Any CPU.Deploy.0 = AppStore|iPhone
		{A4D48F8E-2EDD-49D6-9D1C-4A20305C8B3E}.AppStore|ARM.ActiveCfg = AppStore|iPhone
		{A4D48F8E-2EDD-49D6-9D1C-4A20305C8B3E}.AppStore|ARM.Build.0 = AppStore|iPhone
		{A4D48F8E-2EDD-49D6-9D1C-4A20305C8B3E}.AppStore|ARM.Deploy.0 = AppStore|iPhone
		{A4D48F8E-2EDD-49D6-9D1C-4A20305C8B3E}.AppStore|iPhone.ActiveCfg = AppStore|iPhone
		{A4D48F8E-2EDD-49D6-9D1C-4A20305C8B3E}.AppStore|iPhone.Build.0 = AppStore|iPhone
		{A4D48F8E-2EDD-49D6-9D1C-4A20305C8B3E}.AppStore|iPhone.Deploy.0 = AppStore|iPhone
		{A4D48F8E-2EDD-49D6-9D1C-4A20305C8B3E}.AppStore|iPhoneSimulator.ActiveCfg = AppStore|iPhoneSimulator
		{A4D48F8E-2EDD-49D6-9D1C-4A20305C8B3E}.AppStore|iPhoneSimulator.Build.0 = AppStore|iPhoneSimulator
		{A4D48F8E-2EDD-49D6-9D1C-4A20305C8B3E}.AppStore|iPhoneSimulator.Deploy.0 = AppStore|iPhoneSimulator
		{A4D48F8E-2EDD-49D6-9D1C-4A20305C8B3E}.AppStore|x64.ActiveCfg = AppStore|iPhone
		{A4D48F8E-2EDD-49D6-9D1C-4A20305C8B3E}.AppStore|x64.Build.0 = AppStore|iPhone
		{A4D48F8E-2EDD-49D6-9D1C-4A20305C8B3E}.AppStore|x64.Deploy.0 = AppStore|iPhone
		{A4D48F8E-2EDD-49D6-9D1C-4A20305C8B3E}.AppStore|x86.ActiveCfg = AppStore|iPhone
		{A4D48F8E-2EDD-49D6-9D1C-4A20305C8B3E}.AppStore|x86.Build.0 = AppStore|iPhone
		{A4D48F8E-2EDD-49D6-9D1C-4A20305C8B3E}.AppStore|x86.Deploy.0 = AppStore|iPhone
		{A4D48F8E-2EDD-49D6-9D1C-4A20305C8B3E}.Debug|Any CPU.ActiveCfg = Debug|iPhoneSimulator
		{A4D48F8E-2EDD-49D6-9D1C-4A20305C8B3E}.Debug|Any CPU.Build.0 = Debug|iPhoneSimulator
		{A4D48F8E-2EDD-49D6-9D1C-4A20305C8B3E}.Debug|Any CPU.Deploy.0 = Debug|iPhoneSimulator
		{A4D48F8E-2EDD-49D6-9D1C-4A20305C8B3E}.Debug|ARM.ActiveCfg = Debug|iPhone
		{A4D48F8E-2EDD-49D6-9D1C-4A20305C8B3E}.Debug|ARM.Build.0 = Debug|iPhone
		{A4D48F8E-2EDD-49D6-9D1C-4A20305C8B3E}.Debug|ARM.Deploy.0 = Debug|iPhone
		{A4D48F8E-2EDD-49D6-9D1C-4A20305C8B3E}.Debug|iPhone.ActiveCfg = Debug|iPhone
		{A4D48F8E-2EDD-49D6-9D1C-4A20305C8B3E}.Debug|iPhone.Build.0 = Debug|iPhone
		{A4D48F8E-2EDD-49D6-9D1C-4A20305C8B3E}.Debug|iPhone.Deploy.0 = Debug|iPhone
		{A4D48F8E-2EDD-49D6-9D1C-4A20305C8B3E}.Debug|iPhoneSimulator.ActiveCfg = Debug|iPhoneSimulator
		{A4D48F8E-2EDD-49D6-9D1C-4A20305C8B3E}.Debug|iPhoneSimulator.Build.0 = Debug|iPhoneSimulator
		{A4D48F8E-2EDD-49D6-9D1C-4A20305C8B3E}.Debug|iPhoneSimulator.Deploy.0 = Debug|iPhoneSimulator
		{A4D48F8E-2EDD-49D6-9D1C-4A20305C8B3E}.Debug|x64.ActiveCfg = Debug|iPhone
		{A4D48F8E-2EDD-49D6-9D1C-4A20305C8B3E}.Debug|x64.Build.0 = Debug|iPhone
		{A4D48F8E-2EDD-49D6-9D1C-4A20305C8B3E}.Debug|x64.Deploy.0 = Debug|iPhone
		{A4D48F8E-2EDD-49D6-9D1C-4A20305C8B3E}.Debug|x86.ActiveCfg = Debug|iPhone
		{A4D48F8E-2EDD-49D6-9D1C-4A20305C8B3E}.Debug|x86.Build.0 = Debug|iPhone
		{A4D48F8E-2EDD-49D6-9D1C-4A20305C8B3E}.Debug|x86.Deploy.0 = Debug|iPhone
		{A4D48F8E-2EDD-49D6-9D1C-4A20305C8B3E}.Release|Any CPU.ActiveCfg = Release|iPhone
		{A4D48F8E-2EDD-49D6-9D1C-4A20305C8B3E}.Release|Any CPU.Build.0 = Release|iPhone
		{A4D48F8E-2EDD-49D6-9D1C-4A20305C8B3E}.Release|Any CPU.Deploy.0 = Release|iPhone
		{A4D48F8E-2EDD-49D6-9D1C-4A20305C8B3E}.Release|ARM.ActiveCfg = Release|iPhone
		{A4D48F8E-2EDD-49D6-9D1C-4A20305C8B3E}.Release|ARM.Build.0 = Release|iPhone
		{A4D48F8E-2EDD-49D6-9D1C-4A20305C8B3E}.Release|ARM.Deploy.0 = Release|iPhone
		{A4D48F8E-2EDD-49D6-9D1C-4A20305C8B3E}.Release|iPhone.ActiveCfg = Release|iPhone
		{A4D48F8E-2EDD-49D6-9D1C-4A20305C8B3E}.Release|iPhone.Build.0 = Release|iPhone
		{A4D48F8E-2EDD-49D6-9D1C-4A20305C8B3E}.Release|iPhone.Deploy.0 = Release|iPhone
		{A4D48F8E-2EDD-49D6-9D1C-4A20305C8B3E}.Release|iPhoneSimulator.ActiveCfg = Release|iPhoneSimulator
		{A4D48F8E-2EDD-49D6-9D1C-4A20305C8B3E}.Release|iPhoneSimulator.Build.0 = Release|iPhoneSimulator
		{A4D48F8E-2EDD-49D6-9D1C-4A20305C8B3E}.Release|iPhoneSimulator.Deploy.0 = Release|iPhoneSimulator
		{A4D48F8E-2EDD-49D6-9D1C-4A20305C8B3E}.Release|x64.ActiveCfg = Release|iPhone
		{A4D48F8E-2EDD-49D6-9D1C-4A20305C8B3E}.Release|x64.Build.0 = Release|iPhone
		{A4D48F8E-2EDD-49D6-9D1C-4A20305C8B3E}.Release|x64.Deploy.0 = Release|iPhone
		{A4D48F8E-2EDD-49D6-9D1C-4A20305C8B3E}.Release|x86.ActiveCfg = Release|iPhone
		{A4D48F8E-2EDD-49D6-9D1C-4A20305C8B3E}.Release|x86.Build.0 = Release|iPhone
		{A4D48F8E-2EDD-49D6-9D1C-4A20305C8B3E}.Release|x86.Deploy.0 = Release|iPhone
		{899BA049-F0BD-4814-B7D0-255DA91F9AA5}.Ad-Hoc|Any CPU.ActiveCfg = Release|x86
		{899BA049-F0BD-4814-B7D0-255DA91F9AA5}.Ad-Hoc|Any CPU.Build.0 = Release|x86
		{899BA049-F0BD-4814-B7D0-255DA91F9AA5}.Ad-Hoc|Any CPU.Deploy.0 = Release|x86
		{899BA049-F0BD-4814-B7D0-255DA91F9AA5}.Ad-Hoc|ARM.ActiveCfg = Release|ARM
		{899BA049-F0BD-4814-B7D0-255DA91F9AA5}.Ad-Hoc|ARM.Build.0 = Release|ARM
		{899BA049-F0BD-4814-B7D0-255DA91F9AA5}.Ad-Hoc|ARM.Deploy.0 = Release|ARM
		{899BA049-F0BD-4814-B7D0-255DA91F9AA5}.Ad-Hoc|iPhone.ActiveCfg = Release|x86
		{899BA049-F0BD-4814-B7D0-255DA91F9AA5}.Ad-Hoc|iPhone.Build.0 = Release|x86
		{899BA049-F0BD-4814-B7D0-255DA91F9AA5}.Ad-Hoc|iPhone.Deploy.0 = Release|x86
		{899BA049-F0BD-4814-B7D0-255DA91F9AA5}.Ad-Hoc|iPhoneSimulator.ActiveCfg = Release|x86
		{899BA049-F0BD-4814-B7D0-255DA91F9AA5}.Ad-Hoc|iPhoneSimulator.Build.0 = Release|x86
		{899BA049-F0BD-4814-B7D0-255DA91F9AA5}.Ad-Hoc|iPhoneSimulator.Deploy.0 = Release|x86
		{899BA049-F0BD-4814-B7D0-255DA91F9AA5}.Ad-Hoc|x64.ActiveCfg = Release|x64
		{899BA049-F0BD-4814-B7D0-255DA91F9AA5}.Ad-Hoc|x64.Build.0 = Release|x64
		{899BA049-F0BD-4814-B7D0-255DA91F9AA5}.Ad-Hoc|x64.Deploy.0 = Release|x64
		{899BA049-F0BD-4814-B7D0-255DA91F9AA5}.Ad-Hoc|x86.ActiveCfg = Release|x86
		{899BA049-F0BD-4814-B7D0-255DA91F9AA5}.Ad-Hoc|x86.Build.0 = Release|x86
		{899BA049-F0BD-4814-B7D0-255DA91F9AA5}.Ad-Hoc|x86.Deploy.0 = Release|x86
		{899BA049-F0BD-4814-B7D0-255DA91F9AA5}.AppStore|Any CPU.ActiveCfg = Release|x86
		{899BA049-F0BD-4814-B7D0-255DA91F9AA5}.AppStore|Any CPU.Build.0 = Release|x86
		{899BA049-F0BD-4814-B7D0-255DA91F9AA5}.AppStore|Any CPU.Deploy.0 = Release|x86
		{899BA049-F0BD-4814-B7D0-255DA91F9AA5}.AppStore|ARM.ActiveCfg = Release|ARM
		{899BA049-F0BD-4814-B7D0-255DA91F9AA5}.AppStore|ARM.Build.0 = Release|ARM
		{899BA049-F0BD-4814-B7D0-255DA91F9AA5}.AppStore|ARM.Deploy.0 = Release|ARM
		{899BA049-F0BD-4814-B7D0-255DA91F9AA5}.AppStore|iPhone.ActiveCfg = Release|x86
		{899BA049-F0BD-4814-B7D0-255DA91F9AA5}.AppStore|iPhone.Build.0 = Release|x86
		{899BA049-F0BD-4814-B7D0-255DA91F9AA5}.AppStore|iPhone.Deploy.0 = Release|x86
		{899BA049-F0BD-4814-B7D0-255DA91F9AA5}.AppStore|iPhoneSimulator.ActiveCfg = Release|x86
		{899BA049-F0BD-4814-B7D0-255DA91F9AA5}.AppStore|iPhoneSimulator.Build.0 = Release|x86
		{899BA049-F0BD-4814-B7D0-255DA91F9AA5}.AppStore|iPhoneSimulator.Deploy.0 = Release|x86
		{899BA049-F0BD-4814-B7D0-255DA91F9AA5}.AppStore|x64.ActiveCfg = Release|x64
		{899BA049-F0BD-4814-B7D0-255DA91F9AA5}.AppStore|x64.Build.0 = Release|x64
		{899BA049-F0BD-4814-B7D0-255DA91F9AA5}.AppStore|x64.Deploy.0 = Release|x64
		{899BA049-F0BD-4814-B7D0-255DA91F9AA5}.AppStore|x86.ActiveCfg = Release|x86
		{899BA049-F0BD-4814-B7D0-255DA91F9AA5}.AppStore|x86.Build.0 = Release|x86
		{899BA049-F0BD-4814-B7D0-255DA91F9AA5}.AppStore|x86.Deploy.0 = Release|x86
		{899BA049-F0BD-4814-B7D0-255DA91F9AA5}.Debug|Any CPU.ActiveCfg = Debug|x86
		{899BA049-F0BD-4814-B7D0-255DA91F9AA5}.Debug|Any CPU.Build.0 = Debug|x86
		{899BA049-F0BD-4814-B7D0-255DA91F9AA5}.Debug|Any CPU.Deploy.0 = Debug|x86
		{899BA049-F0BD-4814-B7D0-255DA91F9AA5}.Debug|ARM.ActiveCfg = Debug|ARM
		{899BA049-F0BD-4814-B7D0-255DA91F9AA5}.Debug|ARM.Build.0 = Debug|ARM
		{899BA049-F0BD-4814-B7D0-255DA91F9AA5}.Debug|ARM.Deploy.0 = Debug|ARM
		{899BA049-F0BD-4814-B7D0-255DA91F9AA5}.Debug|iPhone.ActiveCfg = Debug|x86
		{899BA049-F0BD-4814-B7D0-255DA91F9AA5}.Debug|iPhone.Build.0 = Debug|x86
		{899BA049-F0BD-4814-B7D0-255DA91F9AA5}.Debug|iPhone.Deploy.0 = Debug|x86
		{899BA049-F0BD-4814-B7D0-255DA91F9AA5}.Debug|iPhoneSimulator.ActiveCfg = Debug|x86
		{899BA049-F0BD-4814-B7D0-255DA91F9AA5}.Debug|iPhoneSimulator.Build.0 = Debug|x86
		{899BA049-F0BD-4814-B7D0-255DA91F9AA5}.Debug|iPhoneSimulator.Deploy.0 = Debug|x86
		{899BA049-F0BD-4814-B7D0-255DA91F9AA5}.Debug|x64.ActiveCfg = Debug|x64
		{899BA049-F0BD-4814-B7D0-255DA91F9AA5}.Debug|x64.Build.0 = Debug|x64
		{899BA049-F0BD-4814-B7D0-255DA91F9AA5}.Debug|x64.Deploy.0 = Debug|x64
		{899BA049-F0BD-4814-B7D0-255DA91F9AA5}.Debug|x86.ActiveCfg = Debug|x86
		{899BA049-F0BD-4814-B7D0-255DA91F9AA5}.Debug|x86.Build.0 = Debug|x86
		{899BA049-F0BD-4814-B7D0-255DA91F9AA5}.Debug|x86.Deploy.0 = Debug|x86
		{899BA049-F0BD-4814-B7D0-255DA91F9AA5}.Release|Any CPU.ActiveCfg = Release|x86
		{899BA049-F0BD-4814-B7D0-255DA91F9AA5}.Release|Any CPU.Build.0 = Release|x86
		{899BA049-F0BD-4814-B7D0-255DA91F9AA5}.Release|Any CPU.Deploy.0 = Release|x86
		{899BA049-F0BD-4814-B7D0-255DA91F9AA5}.Release|ARM.ActiveCfg = Release|ARM
		{899BA049-F0BD-4814-B7D0-255DA91F9AA5}.Release|ARM.Build.0 = Release|ARM
		{899BA049-F0BD-4814-B7D0-255DA91F9AA5}.Release|ARM.Deploy.0 = Release|ARM
		{899BA049-F0BD-4814-B7D0-255DA91F9AA5}.Release|iPhone.ActiveCfg = Release|x86
		{899BA049-F0BD-4814-B7D0-255DA91F9AA5}.Release|iPhone.Build.0 = Release|x86
		{899BA049-F0BD-4814-B7D0-255DA91F9AA5}.Release|iPhone.Deploy.0 = Release|x86
		{899BA049-F0BD-4814-B7D0-255DA91F9AA5}.Release|iPhoneSimulator.ActiveCfg = Release|x86
		{899BA049-F0BD-4814-B7D0-255DA91F9AA5}.Release|iPhoneSimulator.Build.0 = Release|x86
		{899BA049-F0BD-4814-B7D0-255DA91F9AA5}.Release|iPhoneSimulator.Deploy.0 = Release|x86
		{899BA049-F0BD-4814-B7D0-255DA91F9AA5}.Release|x64.ActiveCfg = Release|x64
		{899BA049-F0BD-4814-B7D0-255DA91F9AA5}.Release|x64.Build.0 = Release|x64
		{899BA049-F0BD-4814-B7D0-255DA91F9AA5}.Release|x64.Deploy.0 = Release|x64
		{899BA049-F0BD-4814-B7D0-255DA91F9AA5}.Release|x86.ActiveCfg = Release|x86
		{899BA049-F0BD-4814-B7D0-255DA91F9AA5}.Release|x86.Build.0 = Release|x86
		{899BA049-F0BD-4814-B7D0-255DA91F9AA5}.Release|x86.Deploy.0 = Release|x86
		{21B7565E-FC71-4C36-91D6-EED71A04642A}.Ad-Hoc|Any CPU.ActiveCfg = Debug|Any CPU
		{21B7565E-FC71-4C36-91D6-EED71A04642A}.Ad-Hoc|Any CPU.Build.0 = Debug|Any CPU
		{21B7565E-FC71-4C36-91D6-EED71A04642A}.Ad-Hoc|Any CPU.Deploy.0 = Debug|Any CPU
		{21B7565E-FC71-4C36-91D6-EED71A04642A}.Ad-Hoc|ARM.ActiveCfg = Debug|Any CPU
		{21B7565E-FC71-4C36-91D6-EED71A04642A}.Ad-Hoc|ARM.Build.0 = Debug|Any CPU
		{21B7565E-FC71-4C36-91D6-EED71A04642A}.Ad-Hoc|ARM.Deploy.0 = Debug|Any CPU
		{21B7565E-FC71-4C36-91D6-EED71A04642A}.Ad-Hoc|iPhone.ActiveCfg = Debug|Any CPU
		{21B7565E-FC71-4C36-91D6-EED71A04642A}.Ad-Hoc|iPhone.Build.0 = Debug|Any CPU
		{21B7565E-FC71-4C36-91D6-EED71A04642A}.Ad-Hoc|iPhone.Deploy.0 = Debug|Any CPU
		{21B7565E-FC71-4C36-91D6-EED71A04642A}.Ad-Hoc|iPhoneSimulator.ActiveCfg = Debug|Any CPU
		{21B7565E-FC71-4C36-91D6-EED71A04642A}.Ad-Hoc|iPhoneSimulator.Build.0 = Debug|Any CPU
		{21B7565E-FC71-4C36-91D6-EED71A04642A}.Ad-Hoc|iPhoneSimulator.Deploy.0 = Debug|Any CPU
		{21B7565E-FC71-4C36-91D6-EED71A04642A}.Ad-Hoc|x64.ActiveCfg = Debug|Any CPU
		{21B7565E-FC71-4C36-91D6-EED71A04642A}.Ad-Hoc|x64.Build.0 = Debug|Any CPU
		{21B7565E-FC71-4C36-91D6-EED71A04642A}.Ad-Hoc|x64.Deploy.0 = Debug|Any CPU
		{21B7565E-FC71-4C36-91D6-EED71A04642A}.Ad-Hoc|x86.ActiveCfg = Debug|Any CPU
		{21B7565E-FC71-4C36-91D6-EED71A04642A}.Ad-Hoc|x86.Build.0 = Debug|Any CPU
		{21B7565E-FC71-4C36-91D6-EED71A04642A}.Ad-Hoc|x86.Deploy.0 = Debug|Any CPU
		{21B7565E-FC71-4C36-91D6-EED71A04642A}.AppStore|Any CPU.ActiveCfg = Debug|Any CPU
		{21B7565E-FC71-4C36-91D6-EED71A04642A}.AppStore|Any CPU.Build.0 = Debug|Any CPU
		{21B7565E-FC71-4C36-91D6-EED71A04642A}.AppStore|Any CPU.Deploy.0 = Debug|Any CPU
		{21B7565E-FC71-4C36-91D6-EED71A04642A}.AppStore|ARM.ActiveCfg = Debug|Any CPU
		{21B7565E-FC71-4C36-91D6-EED71A04642A}.AppStore|ARM.Build.0 = Debug|Any CPU
		{21B7565E-FC71-4C36-91D6-EED71A04642A}.AppStore|ARM.Deploy.0 = Debug|Any CPU
		{21B7565E-FC71-4C36-91D6-EED71A04642A}.AppStore|iPhone.ActiveCfg = Debug|Any CPU
		{21B7565E-FC71-4C36-91D6-EED71A04642A}.AppStore|iPhone.Build.0 = Debug|Any CPU
		{21B7565E-FC71-4C36-91D6-EED71A04642A}.AppStore|iPhone.Deploy.0 = Debug|Any CPU
		{21B7565E-FC71-4C36-91D6-EED71A04642A}.AppStore|iPhoneSimulator.ActiveCfg = Debug|Any CPU
		{21B7565E-FC71-4C36-91D6-EED71A04642A}.AppStore|iPhoneSimulator.Build.0 = Debug|Any CPU
		{21B7565E-FC71-4C36-91D6-EED71A04642A}.AppStore|iPhoneSimulator.Deploy.0 = Debug|Any CPU
		{21B7565E-FC71-4C36-91D6-EED71A04642A}.AppStore|x64.ActiveCfg = Debug|Any CPU
		{21B7565E-FC71-4C36-91D6-EED71A04642A}.AppStore|x64.Build.0 = Debug|Any CPU
		{21B7565E-FC71-4C36-91D6-EED71A04642A}.AppStore|x64.Deploy.0 = Debug|Any CPU
		{21B7565E-FC71-4C36-91D6-EED71A04642A}.AppStore|x86.ActiveCfg = Debug|Any CPU
		{21B7565E-FC71-4C36-91D6-EED71A04642A}.AppStore|x86.Build.0 = Debug|Any CPU
		{21B7565E-FC71-4C36-91D6-EED71A04642A}.AppStore|x86.Deploy.0 = Debug|Any CPU
		{21B7565E-FC71-4C36-91D6-EED71A04642A}.Debug|Any CPU.ActiveCfg = Debug|Any CPU
		{21B7565E-FC71-4C36-91D6-EED71A04642A}.Debug|Any CPU.Build.0 = Debug|Any CPU
		{21B7565E-FC71-4C36-91D6-EED71A04642A}.Debug|Any CPU.Deploy.0 = Debug|Any CPU
		{21B7565E-FC71-4C36-91D6-EED71A04642A}.Debug|ARM.ActiveCfg = Debug|Any CPU
		{21B7565E-FC71-4C36-91D6-EED71A04642A}.Debug|ARM.Build.0 = Debug|Any CPU
		{21B7565E-FC71-4C36-91D6-EED71A04642A}.Debug|ARM.Deploy.0 = Debug|Any CPU
		{21B7565E-FC71-4C36-91D6-EED71A04642A}.Debug|iPhone.ActiveCfg = Debug|Any CPU
		{21B7565E-FC71-4C36-91D6-EED71A04642A}.Debug|iPhone.Build.0 = Debug|Any CPU
		{21B7565E-FC71-4C36-91D6-EED71A04642A}.Debug|iPhone.Deploy.0 = Debug|Any CPU
		{21B7565E-FC71-4C36-91D6-EED71A04642A}.Debug|iPhoneSimulator.ActiveCfg = Debug|Any CPU
		{21B7565E-FC71-4C36-91D6-EED71A04642A}.Debug|iPhoneSimulator.Build.0 = Debug|Any CPU
		{21B7565E-FC71-4C36-91D6-EED71A04642A}.Debug|iPhoneSimulator.Deploy.0 = Debug|Any CPU
		{21B7565E-FC71-4C36-91D6-EED71A04642A}.Debug|x64.ActiveCfg = Debug|Any CPU
		{21B7565E-FC71-4C36-91D6-EED71A04642A}.Debug|x64.Build.0 = Debug|Any CPU
		{21B7565E-FC71-4C36-91D6-EED71A04642A}.Debug|x64.Deploy.0 = Debug|Any CPU
		{21B7565E-FC71-4C36-91D6-EED71A04642A}.Debug|x86.ActiveCfg = Debug|Any CPU
		{21B7565E-FC71-4C36-91D6-EED71A04642A}.Debug|x86.Build.0 = Debug|Any CPU
		{21B7565E-FC71-4C36-91D6-EED71A04642A}.Debug|x86.Deploy.0 = Debug|Any CPU
		{21B7565E-FC71-4C36-91D6-EED71A04642A}.Release|Any CPU.ActiveCfg = Release|Any CPU
		{21B7565E-FC71-4C36-91D6-EED71A04642A}.Release|Any CPU.Build.0 = Release|Any CPU
		{21B7565E-FC71-4C36-91D6-EED71A04642A}.Release|Any CPU.Deploy.0 = Release|Any CPU
		{21B7565E-FC71-4C36-91D6-EED71A04642A}.Release|ARM.ActiveCfg = Release|Any CPU
		{21B7565E-FC71-4C36-91D6-EED71A04642A}.Release|ARM.Build.0 = Release|Any CPU
		{21B7565E-FC71-4C36-91D6-EED71A04642A}.Release|ARM.Deploy.0 = Release|Any CPU
		{21B7565E-FC71-4C36-91D6-EED71A04642A}.Release|iPhone.ActiveCfg = Release|Any CPU
		{21B7565E-FC71-4C36-91D6-EED71A04642A}.Release|iPhone.Build.0 = Release|Any CPU
		{21B7565E-FC71-4C36-91D6-EED71A04642A}.Release|iPhone.Deploy.0 = Release|Any CPU
		{21B7565E-FC71-4C36-91D6-EED71A04642A}.Release|iPhoneSimulator.ActiveCfg = Release|Any CPU
		{21B7565E-FC71-4C36-91D6-EED71A04642A}.Release|iPhoneSimulator.Build.0 = Release|Any CPU
		{21B7565E-FC71-4C36-91D6-EED71A04642A}.Release|iPhoneSimulator.Deploy.0 = Release|Any CPU
		{21B7565E-FC71-4C36-91D6-EED71A04642A}.Release|x64.ActiveCfg = Release|Any CPU
		{21B7565E-FC71-4C36-91D6-EED71A04642A}.Release|x64.Build.0 = Release|Any CPU
		{21B7565E-FC71-4C36-91D6-EED71A04642A}.Release|x64.Deploy.0 = Release|Any CPU
		{21B7565E-FC71-4C36-91D6-EED71A04642A}.Release|x86.ActiveCfg = Release|Any CPU
		{21B7565E-FC71-4C36-91D6-EED71A04642A}.Release|x86.Build.0 = Release|Any CPU
		{21B7565E-FC71-4C36-91D6-EED71A04642A}.Release|x86.Deploy.0 = Release|Any CPU
	EndGlobalSection
	GlobalSection(SolutionProperties) = preSolution
		HideSolutionNode = FALSE
	EndGlobalSection
	GlobalSection(ExtensibilityGlobals) = postSolution
		SolutionGuid = {D1DB727B-462A-4A1A-AC7A-C15A1A4C6D46}
	EndGlobalSection
EndGlobal
